Microsoft Visual Studio Solution File, Format Version 12.00
# Visual Studio Version 17
VisualStudioVersion = 17.5.2.0
MinimumVisualStudioVersion = 10.0.40219.1
Project("{FAE04EC0-301F-11D3-BF4B-00C04F79EFBC}") = "LoginC#", "LoginC#.csproj", "{53E115AD-64B5-295A-98DA-B999B1396B5D}"
EndProject
Global
	GlobalSection(SolutionConfigurationPlatforms) = preSolution
		Debug|Any CPU = Debug|Any CPU
		Release|Any CPU = Release|Any CPU
	EndGlobalSection
	GlobalSection(ProjectConfigurationPlatforms) = postSolution
		{53E115AD-64B5-295A-98DA-B999B1396B5D}.Debug|Any CPU.ActiveCfg = Debug|Any CPU
		{53E115AD-64B5-295A-98DA-B999B1396B5D}.Debug|Any CPU.Build.0 = Debug|Any CPU
		{53E115AD-64B5-295A-98DA-B999B1396B5D}.Release|Any CPU.ActiveCfg = Release|Any CPU
		{53E115AD-64B5-295A-98DA-B999B1396B5D}.Release|Any CPU.Build.0 = Release|Any CPU
	EndGlobalSection
	GlobalSection(SolutionProperties) = preSolution
		HideSolutionNode = FALSE
	EndGlobalSection
	GlobalSection(ExtensibilityGlobals) = postSolution
		SolutionGuid = {F9B18675-B72B-4A79-B2D2-885218229BEC}
	EndGlobalSection
EndGlobal
